[{<<"cowboy">>,
  {git,"https://github.com/ninenines/cowboy",
       {ref,"d846827b2a70317914621328bd617e4e5d4d13d8"}},
  0},
 {<<"cowlib">>,
  {git,"https://github.com/ninenines/cowlib",
       {ref,"75aaeb8415033b07303febbfeba66d6d3413ad06"}},
  1},
 {<<"json_rec">>,
  {git,"https://github.com/justinkirby/json_rec",
       {ref,"8c72324e0f6fca8534ca733f8af03d4808f7e3be"}},
  0},
 {<<"jsx">>,
  {git,"https://github.com/talentdeficit/jsx",
       {ref,"b1289a16ae3fed51b9f722cbfb6f412c3131f540"}},
  0},
 {<<"mochiweb">>,
  {git,"https://github.com/mochi/mochiweb.git",
       {ref,"cedc22f66a8e3f3885fb06babc0c0582418508f8"}},
  0},
 {<<"parse_trans">>,
  {git,"https://github.com/uwiger/parse_trans.git",
       {ref,"d99fb36755c813a5db23e6f93741aa58323ef911"}},
  1},
 {<<"poolboy">>,
  {git,"https://github.com/devinus/poolboy.git",
       {ref,"29be47db8c2be38b18c908e43a80ebb7b9b6116b"}},
  0},
 {<<"ranch">>,
  {git,"https://github.com/ninenines/ranch",
       {ref,"3190aef88aea04d6dce8545fe9b4574288903f44"}},
  1},
 {<<"rfc3339">>,
  {git,"https://github.com/andreineculau/rfc3339",
       {ref,"dcc77d66430490620677de8140a3415dfbd3fa61"}},
  0}].
