[{<<"cowboy">>,
  {git,"https://github.com/ninenines/cowboy",
       {ref,"3ea8395eb8f53a57acb5d3c00b99c70296e7cdbd"}},
  0},
 {<<"cowlib">>,
  {git,"https://github.com/ninenines/cowlib",
       {ref,"1eb7f4293a652adcfe43b1835d22c58d8def839f"}},
  1},
 {<<"json_rec">>,
  {git,"https://github.com/justinkirby/json_rec",
       {ref,"8c72324e0f6fca8534ca733f8af03d4808f7e3be"}},
  0},
 {<<"jsx">>,
  {git,"https://github.com/talentdeficit/jsx",
       {ref,"b1289a16ae3fed51b9f722cbfb6f412c3131f540"}},
  0},
 {<<"mochiweb">>,
  {git,"https://github.com/mochi/mochiweb.git",
       {ref,"edea3841bf7492a6ec1e654ce086aa1dd6505f8a"}},
  0},
 {<<"parse_trans">>,
  {git,"https://github.com/uwiger/parse_trans.git",
       {ref,"d99fb36755c813a5db23e6f93741aa58323ef911"}},
  1},
 {<<"poolboy">>,
  {git,"https://github.com/devinus/poolboy.git",
       {ref,"29be47db8c2be38b18c908e43a80ebb7b9b6116b"}},
  0},
 {<<"ranch">>,
  {git,"https://github.com/ninenines/ranch",
       {ref,"ebf216e91ef2ae54d378234062db949d95f01c0d"}},
  0},
 {<<"rfc3339">>,
  {git,"https://github.com/andreineculau/rfc3339",
       {ref,"dcc77d66430490620677de8140a3415dfbd3fa61"}},
  0}].
